---
link:
- content: https://www.w3.org/TR/pointerlock/
  type: src
type: standard
docnumber: pointerlock
language:
- en
script:
- Latn
formattedref:
  content: W3C pointerlock
  format: text/plain
relation:
- type: hasEdition
  bibitem:
    formattedref:
      content: W3C REC-pointerlock-20161027
      format: text/plain
series:
- title:
    content: W3C technicalReport
    format: text/plain
  number: pointerlock
fetched: '2022-04-25'
doctype: recommendation
