---
id: W3Cpointerlock
title:
- content: Pointer Lock
  format: text/plain
link:
- content: https://www.w3.org/TR/pointerlock/
  type: src
type: standard
docid:
- id: W3C pointerlock
  type: W3C
  primary: true
docnumber: pointerlock
language:
- en
script:
- Latn
docstatus:
  stage:
    value: recommendation
relation:
- type: instance
  bibitem:
    id: W3CREC-pointerlock-20161027
    docid:
    - id: W3C REC-pointerlock-20161027
      type: W3C
      primary: true
    formattedref:
      content: W3C REC-pointerlock-20161027
      format: text/plain
- type: hasEdition
  bibitem:
    id: W3CCR-pointerlock-20131217
    docid:
    - id: W3C CR-pointerlock-20131217
      type: W3C
      primary: true
    formattedref:
      content: W3C CR-pointerlock-20131217
      format: text/plain
- type: hasEdition
  bibitem:
    id: W3CWD-pointerlock-20120529
    docid:
    - id: W3C WD-pointerlock-20120529
      type: W3C
      primary: true
    formattedref:
      content: W3C WD-pointerlock-20120529
      format: text/plain
series:
- title:
    content: W3C REC
    format: text/plain
  number: pointerlock
fetched: '2022-10-24'
doctype: technicalReport
