---
link:
- content: https://www.w3.org/TR/screen-wake-lock/
  type: src
type: standard
docnumber: screen-wake-lock
language:
- en
script:
- Latn
formattedref:
  content: W3C screen-wake-lock
  format: text/plain
relation:
- type: hasEdition
  bibitem:
    formattedref:
      content: W3C WD-screen-wake-lock-20211207
      format: text/plain
fetched: '2022-04-21'
doctype: recommendation
