---
id: W3Cscreen-wake-lock
title:
- content: Screen Wake Lock API
  format: text/plain
link:
- content: https://www.w3.org/TR/screen-wake-lock/
  type: src
type: standard
docid:
- id: W3C screen-wake-lock
  type: W3C
  primary: true
docnumber: screen-wake-lock
language:
- en
script:
- Latn
relation:
- type: hasEdition
  bibitem:
    id: W3CWD-screen-wake-lock-20211207
    docid:
    - id: W3C WD-screen-wake-lock-20211207
      type: W3C
      primary: true
    formattedref:
      content: W3C WD-screen-wake-lock-20211207
      format: text/plain
series:
- title:
    content: W3C technicalReport
    format: text/plain
  number: screen-wake-lock
fetched: '2022-06-03'
doctype: recommendation
